// !$*UTF8*$!
{
	archiveVersion = 1;
	classes = {
	};
	objectVersion = 56;
	objects = {

/* Begin PBXBuildFile section */
		B86976A12C74F75900A2BE19 /* UserFetchingClient.swift in Sources */ = {isa = PBXBuildFile; fileRef = B86976A02C74F75900A2BE19 /* UserFetchingClient.swift */; };
		B86976A32C74F76000A2BE19 /* UserData.swift in Sources */ = {isa = PBXBuildFile; fileRef = B86976A22C74F76000A2BE19 /* UserData.swift */; };
		B86F42DD2C6D996600FE95F6 /* Social_Media_App_CC_App.swift in Sources */ = {isa = PBXBuildFile; fileRef = B86F42DC2C6D996600FE95F6 /* Social_Media_App_CC_App.swift */; };
		B86F42E12C6D996700FE95F6 /* Assets.xcassets in Resources */ = {isa = PBXBuildFile; fileRef = B86F42E02C6D996700FE95F6 /* Assets.xcassets */; };
		B86F42E42C6D996700FE95F6 /* Preview Assets.xcassets in Resources */ = {isa = PBXBuildFile; fileRef = B86F42E32C6D996700FE95F6 /* Preview Assets.xcassets */; };
		B8CED17D2C74F91100A7E1BA /* User.swift in Sources */ = {isa = PBXBuildFile; fileRef = B8CED17C2C74F91100A7E1BA /* User.swift */; };
		B8CED17F2C74FF2700A7E1BA /* UsersView.swift in Sources */ = {isa = PBXBuildFile; fileRef = B8CED17E2C74FF2700A7E1BA /* UsersView.swift */; };
/* End PBXBuildFile section */

/* Begin PBXFileReference section */
		B86976A02C74F75900A2BE19 /* UserFetchingClient.swift */ = {isa = PBXFileReference; fileEncoding = 4; lastKnownFileType = sourcecode.swift; name = UserFetchingClient.swift; path = "../../RandomUser(CC)/RandomUser(CC)/UserFetchingClient.swift"; sourceTree = "<group>"; };
		B86976A22C74F76000A2BE19 /* UserData.swift */ = {isa = PBXFileReference; fileEncoding = 4; lastKnownFileType = sourcecode.swift; name = UserData.swift; path = "../../RandomUser(CC)/RandomUser(CC)/UserData.swift"; sourceTree = "<group>"; };
		B86F42D92C6D996600FE95F6 /* Social Media App(CC).app */ = {isa = PBXFileReference; explicitFileType = wrapper.application; includeInIndex = 0; path = "Social Media App(CC).app"; sourceTree = BUILT_PRODUCTS_DIR; };
		B86F42DC2C6D996600FE95F6 /* Social_Media_App_CC_App.swift */ = {isa = PBXFileReference; lastKnownFileType = sourcecode.swift; path = Social_Media_App_CC_App.swift; sourceTree = "<group>"; };
		B86F42E02C6D996700FE95F6 /* Assets.xcassets */ = {isa = PBXFileReference; lastKnownFileType = folder.assetcatalog; path = Assets.xcassets; sourceTree = "<group>"; };
		B86F42E32C6D996700FE95F6 /* Preview Assets.xcassets */ = {isa = PBXFileReference; lastKnownFileType = folder.assetcatalog; path = "Preview Assets.xcassets"; sourceTree = "<group>"; };
		B8CED17C2C74F91100A7E1BA /* User.swift */ = {isa = PBXFileReference; lastKnownFileType = sourcecode.swift; path = User.swift; sourceTree = "<group>"; };
		B8CED17E2C74FF2700A7E1BA /* UsersView.swift */ = {isa = PBXFileReference; lastKnownFileType = sourcecode.swift; path = UsersView.swift; sourceTree = "<group>"; };
/* End PBXFileReference section */

/* Begin PBXFrameworksBuildPhase section */
		B86F42D62C6D996500FE95F6 /* Frameworks */ = {
			isa = PBXFrameworksBuildPhase;
			buildActionMask = 2147483647;
			files = (
			);
			runOnlyForDeploymentPostprocessing = 0;
		};
/* End PBXFrameworksBuildPhase section */

/* Begin PBXGroup section */
		B86F42D02C6D996500FE95F6 = {
			isa = PBXGroup;
			children = (
				B86F42DB2C6D996600FE95F6 /* Social Media App(CC) */,
				B86F42DA2C6D996600FE95F6 /* Products */,
			);
			sourceTree = "<group>";
		};
		B86F42DA2C6D996600FE95F6 /* Products */ = {
			isa = PBXGroup;
			children = (
				B86F42D92C6D996600FE95F6 /* Social Media App(CC).app */,
			);
			name = Products;
			sourceTree = "<group>";
		};
		B86F42DB2C6D996600FE95F6 /* Social Media App(CC) */ = {
			isa = PBXGroup;
			children = (
				B86F42DC2C6D996600FE95F6 /* Social_Media_App_CC_App.swift */,
				B8CED17E2C74FF2700A7E1BA /* UsersView.swift */,
				B86976A02C74F75900A2BE19 /* UserFetchingClient.swift */,
				B86976A22C74F76000A2BE19 /* UserData.swift */,
				B8CED17C2C74F91100A7E1BA /* User.swift */,
				B86F42E02C6D996700FE95F6 /* Assets.xcassets */,
				B86F42E22C6D996700FE95F6 /* Preview Content */,
			);
			path = "Social Media App(CC)";
			sourceTree = "<group>";
		};
		B86F42E22C6D996700FE95F6 /* Preview Content */ = {
			isa = PBXGroup;
			children = (
				B86F42E32C6D996700FE95F6 /* Preview Assets.xcassets */,
			);
			path = "Preview Content";
			sourceTree = "<group>";
		};
/* End PBXGroup section */

/* Begin PBXNativeTarget section */
		B86F42D82C6D996500FE95F6 /* Social Media App(CC) */ = {
			isa = PBXNativeTarget;
			buildConfigurationList = B86F42E72C6D996700FE95F6 /* Build configuration list for PBXNativeTarget "Social Media App(CC)" */;
			buildPhases = (
				B86F42D52C6D996500FE95F6 /* Sources */,
				B86F42D62C6D996500FE95F6 /* Frameworks */,
				B86F42D72C6D996500FE95F6 /* Resources */,
			);
			buildRules = (
			);
			dependencies = (
			);
			name = "Social Media App(CC)";
			productName = "Social Media App(CC)";
			productReference = B86F42D92C6D996600FE95F6 /* Social Media App(CC).app */;
			productType = "com.apple.product-type.application";
		};
/* End PBXNativeTarget section */

/* Begin PBXProject section */
		B86F42D12C6D996500FE95F6 /* Project object */ = {
			isa = PBXProject;
			attributes = {
				BuildIndependentTargetsInParallel = 1;
				LastSwiftUpdateCheck = 1540;
				LastUpgradeCheck = 1540;
				TargetAttributes = {
					B86F42D82C6D996500FE95F6 = {
						CreatedOnToolsVersion = 15.4;
					};
				};
			};
			buildConfigurationList = B86F42D42C6D996500FE95F6 /* Build configuration list for PBXProject "Social Media App(CC)" */;
			compatibilityVersion = "Xcode 14.0";
			developmentRegion = en;
			hasScannedForEncodings = 0;
			knownRegions = (
				en,
				Base,
			);
			mainGroup = B86F42D02C6D996500FE95F6;
			productRefGroup = B86F42DA2C6D996600FE95F6 /* Products */;
			projectDirPath = "";
			projectRoot = "";
			targets = (
				B86F42D82C6D996500FE95F6 /* Social Media App(CC) */,
			);
		};
/* End PBXProject section */

/* Begin PBXResourcesBuildPhase section */
		B86F42D72C6D996500FE95F6 /* Resources */ = {
			isa = PBXResourcesBuildPhase;
			buildActionMask = 2147483647;
			files = (
				B86F42E42C6D996700FE95F6 /* Preview Assets.xcassets in Resources */,
				B86F42E12C6D996700FE95F6 /* Assets.xcassets in Resources */,
			);
			runOnlyForDeploymentPostprocessing = 0;
		};
/* End PBXResourcesBuildPhase section */

/* Begin PBXSourcesBuildPhase section */
		B86F42D52C6D996500FE95F6 /* Sources */ = {
			isa = PBXSourcesBuildPhase;
			buildActionMask = 2147483647;
			files = (
				B86F42DD2C6D996600FE95F6 /* Social_Media_App_CC_App.swift in Sources */,
				B86976A32C74F76000A2BE19 /* UserData.swift in Sources */,
				B8CED17D2C74F91100A7E1BA /* User.swift in Sources */,
				B86976A12C74F75900A2BE19 /* UserFetchingClient.swift in Sources */,
				B8CED17F2C74FF2700A7E1BA /* UsersView.swift in Sources */,
			);
			runOnlyForDeploymentPostprocessing = 0;
		};
/* End PBXSourcesBuildPhase section */

/* Begin XCBuildConfiguration section */
		B86F42E52C6D996700FE95F6 /* Debug */ = {
			isa = XCBuildConfiguration;
			buildSettings = {
				ALWAYS_SEARCH_USER_PATHS = NO;
				ASSETCATALOG_COMPILER_GENERATE_SWIFT_ASSET_SYMBOL_EXTENSIONS = YES;
				CLANG_ANALYZER_NONNULL = YES;
				CLANG_ANALYZER_NUMBER_OBJECT_CONVERSION = YES_AGGRESSIVE;
				CLANG_CXX_LANGUAGE_STANDARD = "gnu++20";
				CLANG_ENABLE_MODULES = YES;
				CLANG_ENABLE_OBJC_ARC = YES;
				CLANG_ENABLE_OBJC_WEAK = YES;
				CLANG_WARN_BLOCK_CAPTURE_AUTORELEASING = YES;
				CLANG_WARN_BOOL_CONVERSION = YES;
				CLANG_WARN_COMMA = YES;
				CLANG_WARN_CONSTANT_CONVERSION = YES;
				CLANG_WARN_DEPRECATED_OBJC_IMPLEMENTATIONS = YES;
				CLANG_WARN_DIRECT_OBJC_ISA_USAGE = YES_ERROR;
				CLANG_WARN_DOCUMENTATION_COMMENTS = YES;
				CLANG_WARN_EMPTY_BODY = YES;
				CLANG_WARN_ENUM_CONVERSION = YES;
				CLANG_WARN_INFINITE_RECURSION = YES;
				CLANG_WARN_INT_CONVERSION = YES;
				CLANG_WARN_NON_LITERAL_NULL_CONVERSION = YES;
				CLANG_WARN_OBJC_IMPLICIT_RETAIN_SELF = YES;
				CLANG_WARN_OBJC_LITERAL_CONVERSION = YES;
				CLANG_WARN_OBJC_ROOT_CLASS = YES_ERROR;
				CLANG_WARN_QUOTED_INCLUDE_IN_FRAMEWORK_HEADER = YES;
				CLANG_WARN_RANGE_LOOP_ANALYSIS = YES;
				CLANG_WARN_STRICT_PROTOTYPES = YES;
				CLANG_WARN_SUSPICIOUS_MOVE = YES;
				CLANG_WARN_UNGUARDED_AVAILABILITY = YES_AGGRESSIVE;
				CLANG_WARN_UNREACHABLE_CODE = YES;
				CLANG_WARN__DUPLICATE_METHOD_MATCH = YES;
				COPY_PHASE_STRIP = NO;
				DEBUG_INFORMATION_FORMAT = dwarf;
				ENABLE_STRICT_OBJC_MSGSEND = YES;
				ENABLE_TESTABILITY = YES;
				ENABLE_USER_SCRIPT_SANDBOXING = YES;
				GCC_C_LANGUAGE_STANDARD = gnu17;
				GCC_DYNAMIC_NO_PIC = NO;
				GCC_NO_COMMON_BLOCKS = YES;
				GCC_OPTIMIZATION_LEVEL = 0;
				GCC_PREPROCESSOR_DEFINITIONS = (
					"DEBUG=1",
					"$(inherited)",
				);
				GCC_WARN_64_TO_32_BIT_CONVERSION = YES;
				GCC_WARN_ABOUT_RETURN_TYPE = YES_ERROR;
				GCC_WARN_UNDECLARED_SELECTOR = YES;
				GCC_WARN_UNINITIALIZED_AUTOS = YES_AGGRESSIVE;
				GCC_WARN_UNUSED_FUNCTION = YES;
				GCC_WARN_UNUSED_VARIABLE = YES;
				IPHONEOS_DEPLOYMENT_TARGET = 17.5;
				LOCALIZATION_PREFERS_STRING_CATALOGS = YES;
				MTL_ENABLE_DEBUG_INFO = INCLUDE_SOURCE;
				MTL_FAST_MATH = YES;
				ONLY_ACTIVE_ARCH = YES;
				SDKROOT = iphoneos;
				SWIFT_ACTIVE_COMPILATION_CONDITIONS = "DEBUG $(inherited)";
				SWIFT_OPTIMIZATION_LEVEL = "-Onone";
			};
			name = Debug;
		};
		B86F42E62C6D996700FE95F6 /* Release */ = {
			isa = XCBuildConfiguration;
			buildSettings = {
				ALWAYS_SEARCH_USER_PATHS = NO;
				ASSETCATALOG_COMPILER_GENERATE_SWIFT_ASSET_SYMBOL_EXTENSIONS = YES;
				CLANG_ANALYZER_NONNULL = YES;
				CLANG_ANALYZER_NUMBER_OBJECT_CONVERSION = YES_AGGRESSIVE;
				CLANG_CXX_LANGUAGE_STANDARD = "gnu++20";
				CLANG_ENABLE_MODULES = YES;
				CLANG_ENABLE_OBJC_ARC = YES;
				CLANG_ENABLE_OBJC_WEAK = YES;
				CLANG_WARN_BLOCK_CAPTURE_AUTORELEASING = YES;
				CLANG_WARN_BOOL_CONVERSION = YES;
				CLANG_WARN_COMMA = YES;
				CLANG_WARN_CONSTANT_CONVERSION = YES;
				CLANG_WARN_DEPRECATED_OBJC_IMPLEMENTATIONS = YES;
				CLANG_WARN_DIRECT_OBJC_ISA_USAGE = YES_ERROR;
				CLANG_WARN_DOCUMENTATION_COMMENTS = YES;
				CLANG_WARN_EMPTY_BODY = YES;
				CLANG_WARN_ENUM_CONVERSION = YES;
				CLANG_WARN_INFINITE_RECURSION = YES;
				CLANG_WARN_INT_CONVERSION = YES;
				CLANG_WARN_NON_LITERAL_NULL_CONVERSION = YES;
				CLANG_WARN_OBJC_IMPLICIT_RETAIN_SELF = YES;
				CLANG_WARN_OBJC_LITERAL_CONVERSION = YES;
				CLANG_WARN_OBJC_ROOT_CLASS = YES_ERROR;
				CLANG_WARN_QUOTED_INCLUDE_IN_FRAMEWORK_HEADER = YES;
				CLANG_WARN_RANGE_LOOP_ANALYSIS = YES;
				CLANG_WARN_STRICT_PROTOTYPES = YES;
				CLANG_WARN_SUSPICIOUS_MOVE = YES;
				CLANG_WARN_UNGUARDED_AVAILABILITY = YES_AGGRESSIVE;
				CLANG_WARN_UNREACHABLE_CODE = YES;
				CLANG_WARN__DUPLICATE_METHOD_MATCH = YES;
				COPY_PHASE_STRIP = NO;
				DEBUG_INFORMATION_FORMAT = "dwarf-with-dsym";
				ENABLE_NS_ASSERTIONS = NO;
				ENABLE_STRICT_OBJC_MSGSEND = YES;
				ENABLE_USER_SCRIPT_SANDBOXING = YES;
				GCC_C_LANGUAGE_STANDARD = gnu17;
				GCC_NO_COMMON_BLOCKS = YES;
				GCC_WARN_64_TO_32_BIT_CONVERSION = YES;
				GCC_WARN_ABOUT_RETURN_TYPE = YES_ERROR;
				GCC_WARN_UNDECLARED_SELECTOR = YES;
				GCC_WARN_UNINITIALIZED_AUTOS = YES_AGGRESSIVE;
				GCC_WARN_UNUSED_FUNCTION = YES;
				GCC_WARN_UNUSED_VARIABLE = YES;
				IPHONEOS_DEPLOYMENT_TARGET = 17.5;
				LOCALIZATION_PREFERS_STRING_CATALOGS = YES;
				MTL_ENABLE_DEBUG_INFO = NO;
				MTL_FAST_MATH = YES;
				SDKROOT = iphoneos;
				SWIFT_COMPILATION_MODE = wholemodule;
				VALIDATE_PRODUCT = YES;
			};
			name = Release;
		};
		B86F42E82C6D996700FE95F6 /* Debug */ = {
			isa = XCBuildConfiguration;
			buildSettings = {
				ASSETCATALOG_COMPILER_APPICON_NAME = AppIcon;
				ASSETCATALOG_COMPILER_GLOBAL_ACCENT_COLOR_NAME = AccentColor;
				CODE_SIGN_STYLE = Automatic;
				CURRENT_PROJECT_VERSION = 1;
				DEVELOPMENT_ASSET_PATHS = "\"Social Media App(CC)/Preview Content\"";
				DEVELOPMENT_TEAM = 6HU2QZ3MVN;
				ENABLE_PREVIEWS = YES;
				GENERATE_INFOPLIST_FILE = YES;
				INFOPLIST_KEY_UIApplicationSceneManifest_Generation = YES;
				INFOPLIST_KEY_UIApplicationSupportsIndirectInputEvents = YES;
				INFOPLIST_KEY_UILaunchScreen_Generation = YES;
				INFOPLIST_KEY_UISupportedInterfaceOrientations_iPad = "UIInterfaceOrientationPortrait UIInterfaceOrientationPortraitUpsideDown UIInterfaceOrientationLandscapeLeft UIInterfaceOrientationLandscapeRight";
				INFOPLIST_KEY_UISupportedInterfaceOrientations_iPhone = "UIInterfaceOrientationPortrait UIInterfaceOrientationLandscapeLeft UIInterfaceOrientationLandscapeRight";
				LD_RUNPATH_SEARCH_PATHS = (
					"$(inherited)",
					"@executable_path/Frameworks",
				);
				MARKETING_VERSION = 1.0;
				PRODUCT_BUNDLE_IDENTIFIER = "guffcode.Social-Media-App-CC-";
				PRODUCT_NAME = "$(TARGET_NAME)";
				SWIFT_EMIT_LOC_STRINGS = YES;
				SWIFT_VERSION = 5.0;
				TARGETED_DEVICE_FAMILY = "1,2";
			};
			name = Debug;
		};
		B86F42E92C6D996700FE95F6 /* Release */ = {
			isa = XCBuildConfiguration;
			buildSettings = {
				ASSETCATALOG_COMPILER_APPICON_NAME = AppIcon;
				ASSETCATALOG_COMPILER_GLOBAL_ACCENT_COLOR_NAME = AccentColor;
				CODE_SIGN_STYLE = Automatic;
				CURRENT_PROJECT_VERSION = 1;
				DEVELOPMENT_ASSET_PATHS = "\"Social Media App(CC)/Preview Content\"";
				DEVELOPMENT_TEAM = 6HU2QZ3MVN;
				ENABLE_PREVIEWS = YES;
				GENERATE_INFOPLIST_FILE = YES;
				INFOPLIST_KEY_UIApplicationSceneManifest_Generation = YES;
				INFOPLIST_KEY_UIApplicationSupportsIndirectInputEvents = YES;
				INFOPLIST_KEY_UILaunchScreen_Generation = YES;
				INFOPLIST_KEY_UISupportedInterfaceOrientations_iPad = "UIInterfaceOrientationPortrait UIInterfaceOrientationPortraitUpsideDown UIInterfaceOrientationLandscapeLeft UIInterfaceOrientationLandscapeRight";
				INFOPLIST_KEY_UISupportedInterfaceOrientations_iPhone = "UIInterfaceOrientationPortrait UIInterfaceOrientationLandscapeLeft UIInterfaceOrientationLandscapeRight";
				LD_RUNPATH_SEARCH_PATHS = (
					"$(inherited)",
					"@executable_path/Frameworks",
				);
				MARKETING_VERSION = 1.0;
				PRODUCT_BUNDLE_IDENTIFIER = "guffcode.Social-Media-App-CC-";
				PRODUCT_NAME = "$(TARGET_NAME)";
				SWIFT_EMIT_LOC_STRINGS = YES;
				SWIFT_VERSION = 5.0;
				TARGETED_DEVICE_FAMILY = "1,2";
			};
			name = Release;
		};
/* End XCBuildConfiguration section */

/* Begin XCConfigurationList section */
		B86F42D42C6D996500FE95F6 /* Build configuration list for PBXProject "Social Media App(CC)" */ = {
			isa = XCConfigurationList;
			buildConfigurations = (
				B86F42E52C6D996700FE95F6 /* Debug */,
				B86F42E62C6D996700FE95F6 /* Release */,
			);
			defaultConfigurationIsVisible = 0;
			defaultConfigurationName = Release;
		};
		B86F42E72C6D996700FE95F6 /* Build configuration list for PBXNativeTarget "Social Media App(CC)" */ = {
			isa = XCConfigurationList;
			buildConfigurations = (
				B86F42E82C6D996700FE95F6 /* Debug */,
				B86F42E92C6D996700FE95F6 /* Release */,
			);
			defaultConfigurationIsVisible = 0;
			defaultConfigurationName = Release;
		};
/* End XCConfigurationList section */
	};
	rootObject = B86F42D12C6D996500FE95F6 /* Project object */;
}
